
Microsoft Visual Studio Solution File, Format Version 12.00
# Visual Studio Version 16
VisualStudioVersion = 16.0.32802.440
MinimumVisualStudioVersion = 10.0.40219.1
Project("{9A19103F-16F7-4668-BE54-9A1E7A4F7556}") = "ArtworkManager", "ArtworkManager\ArtworkManager.csproj", "{BC17AD1C-85B7-4042-903E-C446DB6C1E07}"
EndProject
Global
	GlobalSection(SolutionConfigurationPlatforms) = preSolution
		Debug|Any CPU = Debug|Any CPU
		Release|Any CPU = Release|Any CPU
	EndGlobalSection
	GlobalSection(ProjectConfigurationPlatforms) = postSolution
		{BC17AD1C-85B7-4042-903E-C446DB6C1E07}.Debug|Any CPU.ActiveCfg = Debug|Any CPU
		{BC17AD1C-85B7-4042-903E-C446DB6C1E07}.Debug|Any CPU.Build.0 = Debug|Any CPU
		{BC17AD1C-85B7-4042-903E-C446DB6C1E07}.Release|Any CPU.ActiveCfg = Release|Any CPU
		{BC17AD1C-85B7-4042-903E-C446DB6C1E07}.Release|Any CPU.Build.0 = Release|Any CPU
	EndGlobalSection
	GlobalSection(SolutionProperties) = preSolution
		HideSolutionNode = FALSE
	EndGlobalSection
	GlobalSection(ExtensibilityGlobals) = postSolution
		SolutionGuid = {D1CB9EC2-D50F-4567-B40E-9754BD06ECE9}
	EndGlobalSection
EndGlobal
